
Microsoft Visual Studio Solution File, Format Version 12.00
Project("{FAE04EC0-301F-11D3-BF4B-00C04F79EFBC}") = "SystemVisitor", "SystemVisitor\SystemVisitor.csproj", "{A3AE0ABA-28FB-4BD9-B51B-1011168ADA89}"
EndProject
Project("{FAE04EC0-301F-11D3-BF4B-00C04F79EFBC}") = "CheckSystemVisitorConsole", "CheckSystemVisitorConsole\CheckSystemVisitorConsole.csproj", "{71360395-2962-41A8-B77D-51502C4F928E}"
EndProject
Project("{FAE04EC0-301F-11D3-BF4B-00C04F79EFBC}") = "SystemVisitor.Tests", "SystemVisitor.Tests\SystemVisitor.Tests.csproj", "{2A9C7043-EF6F-4CE1-AFF9-0CC217E3B009}"
EndProject
Global
	GlobalSection(SolutionConfigurationPlatforms) = preSolution
		Debug|Any CPU = Debug|Any CPU
		Release|Any CPU = Release|Any CPU
	EndGlobalSection
	GlobalSection(ProjectConfigurationPlatforms) = postSolution
		{A3AE0ABA-28FB-4BD9-B51B-1011168ADA89}.Debug|Any CPU.ActiveCfg = Debug|Any CPU
		{A3AE0ABA-28FB-4BD9-B51B-1011168ADA89}.Debug|Any CPU.Build.0 = Debug|Any CPU
		{A3AE0ABA-28FB-4BD9-B51B-1011168ADA89}.Release|Any CPU.ActiveCfg = Release|Any CPU
		{A3AE0ABA-28FB-4BD9-B51B-1011168ADA89}.Release|Any CPU.Build.0 = Release|Any CPU
		{71360395-2962-41A8-B77D-51502C4F928E}.Debug|Any CPU.ActiveCfg = Debug|Any CPU
		{71360395-2962-41A8-B77D-51502C4F928E}.Debug|Any CPU.Build.0 = Debug|Any CPU
		{71360395-2962-41A8-B77D-51502C4F928E}.Release|Any CPU.ActiveCfg = Release|Any CPU
		{71360395-2962-41A8-B77D-51502C4F928E}.Release|Any CPU.Build.0 = Release|Any CPU
		{2A9C7043-EF6F-4CE1-AFF9-0CC217E3B009}.Debug|Any CPU.ActiveCfg = Debug|Any CPU
		{2A9C7043-EF6F-4CE1-AFF9-0CC217E3B009}.Debug|Any CPU.Build.0 = Debug|Any CPU
		{2A9C7043-EF6F-4CE1-AFF9-0CC217E3B009}.Release|Any CPU.ActiveCfg = Release|Any CPU
		{2A9C7043-EF6F-4CE1-AFF9-0CC217E3B009}.Release|Any CPU.Build.0 = Release|Any CPU
	EndGlobalSection
EndGlobal
